
Microsoft Visual Studio Solution File, Format Version 12.00
# Visual Studio 15
VisualStudioVersion = 15.0.27110.0
MinimumVisualStudioVersion = 10.0.40219.1
Project("{2150E333-8FDC-42A3-9474-1A3956D46DE8}") = "_root", "_root", "{B3B9B9D3-D524-4684-8A68-6C2A02BEB1F5}"
	ProjectSection(SolutionItems) = preProject
		..\..\.gitattributes = ..\..\.gitattributes
		..\..\.gitignore = ..\..\.gitignore
		Copy.bat = Copy.bat
		CopyAngular.ps1 = CopyAngular.ps1
		..\..\README.md = ..\..\README.md
	EndProjectSection
EndProject
Project("{FAE04EC0-301F-11D3-BF4B-00C04F79EFBC}") = "OneWindows", "OneWindows\OneWindows.csproj", "{A94C0C63-F827-4F11-965F-B1E2713210DC}"
EndProject
Project("{FAE04EC0-301F-11D3-BF4B-00C04F79EFBC}") = "GameOn", "GameOn\GameOn.csproj", "{3DC9E5D0-9460-4985-91D5-EF6C7BAF3D63}"
EndProject
Project("{FAE04EC0-301F-11D3-BF4B-00C04F79EFBC}") = "AllTheLivesYouLive", "AllTheLivesYouLive\AllTheLivesYouLive.csproj", "{25D89EAE-5A4F-4A60-A339-913C27ED9478}"
EndProject
Project("{2150E333-8FDC-42A3-9474-1A3956D46DE8}") = "PublishScripts", "PublishScripts", "{C40FA70C-CB59-4990-9AE6-652BAE768B51}"
	ProjectSection(SolutionItems) = preProject
		PublishScripts\AzureWebsitePublishModule.psm1 = PublishScripts\AzureWebsitePublishModule.psm1
		PublishScripts\Publish-WebApplicationWebsite.ps1 = PublishScripts\Publish-WebApplicationWebsite.ps1
	EndProjectSection
EndProject
Project("{2150E333-8FDC-42A3-9474-1A3956D46DE8}") = "Configurations", "Configurations", "{3D8706D6-764E-4BB8-BDD8-410C9159F4CF}"
	ProjectSection(SolutionItems) = preProject
		PublishScripts\Configurations\AllTheLivesYouLive-WAWS-dev.json = PublishScripts\Configurations\AllTheLivesYouLive-WAWS-dev.json
		PublishScripts\Configurations\RipThatLink-WAWS-dev.json = PublishScripts\Configurations\RipThatLink-WAWS-dev.json
		PublishScripts\Configurations\RipThatPic-WAWS-dev.json = PublishScripts\Configurations\RipThatPic-WAWS-dev.json
		PublishScripts\Configurations\USoStupid-WAWS-dev.json = PublishScripts\Configurations\USoStupid-WAWS-dev.json
		PublishScripts\Configurations\WhatIAteAndDrank-WAWS-dev.json = PublishScripts\Configurations\WhatIAteAndDrank-WAWS-dev.json
	EndProjectSection
EndProject
Project("{FAE04EC0-301F-11D3-BF4B-00C04F79EFBC}") = "RipThatLink", "RipThatLink\RipThatLink.csproj", "{40225685-5E45-4589-B2EF-6EA16F076690}"
EndProject
Project("{FAE04EC0-301F-11D3-BF4B-00C04F79EFBC}") = "RipThatPic", "RipThatPic\RipThatPic.csproj", "{067EA315-DA57-400C-A730-267CF5D56D47}"
EndProject
Project("{FAE04EC0-301F-11D3-BF4B-00C04F79EFBC}") = "USoStupid", "USoStupid\USoStupid.csproj", "{290ADF62-F1BA-4EC6-B967-D49841AA4848}"
EndProject
Project("{FAE04EC0-301F-11D3-BF4B-00C04F79EFBC}") = "WhatIAteAndDrank", "WhatIAteAndDrank\WhatIAteAndDrank.csproj", "{F55A01B3-9100-4CF1-9F34-5DC93DAF28DD}"
EndProject
Project("{2150E333-8FDC-42A3-9474-1A3956D46DE8}") = "Solution Items", "Solution Items", "{937C7393-6E57-4B15-B4CE-3D44DFD6A3BC}"
	ProjectSection(SolutionItems) = preProject
		WE-browsers.xml = WE-browsers.xml
		WebEssentials-Settings.json = WebEssentials-Settings.json
	EndProjectSection
EndProject
Project("{2150E333-8FDC-42A3-9474-1A3956D46DE8}") = "Libraries", "Libraries", "{A4E710A6-7EAE-4F54-914A-64370936E365}"
EndProject
Project("{2150E333-8FDC-42A3-9474-1A3956D46DE8}") = "sandbox", "sandbox", "{CB33E25D-8276-45D2-B91D-DDD65D1D16EC}"
EndProject
Project("{8BC9CEB8-8B4A-11D0-8D11-00A0C91BC942}") = "demo01", "sandbox\demo01\demo01.vcxproj", "{E1DBA40E-C71D-40F6-B872-2BD5D4836409}"
EndProject
Project("{9092AA53-FB77-4645-B42D-1CCCA6BD08BD}") = "demo02", "sandbox\demo02\demo02.njsproj", "{6FF5C1FF-6774-4CF9-9599-925B6C988CC8}"
EndProject
Project("{9A19103F-16F7-4668-BE54-9A1E7A4F7556}") = "RipThatPic_Core", "RipThatPic_Core\RipThatPic_Core.csproj", "{B78945F6-1B52-4C8A-B96C-F6229F01D241}"
EndProject
Global
	GlobalSection(SolutionConfigurationPlatforms) = preSolution
		Debug|Any CPU = Debug|Any CPU
		Debug|x64 = Debug|x64
		Debug|x86 = Debug|x86
		Release|Any CPU = Release|Any CPU
		Release|x64 = Release|x64
		Release|x86 = Release|x86
	EndGlobalSection
	GlobalSection(ProjectConfigurationPlatforms) = postSolution
		{A94C0C63-F827-4F11-965F-B1E2713210DC}.Debug|Any CPU.ActiveCfg = Debug|Any CPU
		{A94C0C63-F827-4F11-965F-B1E2713210DC}.Debug|Any CPU.Build.0 = Debug|Any CPU
		{A94C0C63-F827-4F11-965F-B1E2713210DC}.Debug|x64.ActiveCfg = Debug|Any CPU
		{A94C0C63-F827-4F11-965F-B1E2713210DC}.Debug|x64.Build.0 = Debug|Any CPU
		{A94C0C63-F827-4F11-965F-B1E2713210DC}.Debug|x86.ActiveCfg = Debug|Any CPU
		{A94C0C63-F827-4F11-965F-B1E2713210DC}.Release|Any CPU.ActiveCfg = Release|Any CPU
		{A94C0C63-F827-4F11-965F-B1E2713210DC}.Release|Any CPU.Build.0 = Release|Any CPU
		{A94C0C63-F827-4F11-965F-B1E2713210DC}.Release|x64.ActiveCfg = Release|Any CPU
		{A94C0C63-F827-4F11-965F-B1E2713210DC}.Release|x64.Build.0 = Release|Any CPU
		{A94C0C63-F827-4F11-965F-B1E2713210DC}.Release|x86.ActiveCfg = Release|Any CPU
		{A94C0C63-F827-4F11-965F-B1E2713210DC}.Release|x86.Build.0 = Release|Any CPU
		{3DC9E5D0-9460-4985-91D5-EF6C7BAF3D63}.Debug|Any CPU.ActiveCfg = Debug|Any CPU
		{3DC9E5D0-9460-4985-91D5-EF6C7BAF3D63}.Debug|Any CPU.Build.0 = Debug|Any CPU
		{3DC9E5D0-9460-4985-91D5-EF6C7BAF3D63}.Debug|x64.ActiveCfg = Debug|Any CPU
		{3DC9E5D0-9460-4985-91D5-EF6C7BAF3D63}.Debug|x64.Build.0 = Debug|Any CPU
		{3DC9E5D0-9460-4985-91D5-EF6C7BAF3D63}.Debug|x86.ActiveCfg = Debug|Any CPU
		{3DC9E5D0-9460-4985-91D5-EF6C7BAF3D63}.Release|Any CPU.ActiveCfg = Release|Any CPU
		{3DC9E5D0-9460-4985-91D5-EF6C7BAF3D63}.Release|Any CPU.Build.0 = Release|Any CPU
		{3DC9E5D0-9460-4985-91D5-EF6C7BAF3D63}.Release|x64.ActiveCfg = Release|Any CPU
		{3DC9E5D0-9460-4985-91D5-EF6C7BAF3D63}.Release|x64.Build.0 = Release|Any CPU
		{3DC9E5D0-9460-4985-91D5-EF6C7BAF3D63}.Release|x86.ActiveCfg = Release|Any CPU
		{3DC9E5D0-9460-4985-91D5-EF6C7BAF3D63}.Release|x86.Build.0 = Release|Any CPU
		{25D89EAE-5A4F-4A60-A339-913C27ED9478}.Debug|Any CPU.ActiveCfg = Debug|Any CPU
		{25D89EAE-5A4F-4A60-A339-913C27ED9478}.Debug|Any CPU.Build.0 = Debug|Any CPU
		{25D89EAE-5A4F-4A60-A339-913C27ED9478}.Debug|x64.ActiveCfg = Debug|Any CPU
		{25D89EAE-5A4F-4A60-A339-913C27ED9478}.Debug|x64.Build.0 = Debug|Any CPU
		{25D89EAE-5A4F-4A60-A339-913C27ED9478}.Debug|x86.ActiveCfg = Debug|Any CPU
		{25D89EAE-5A4F-4A60-A339-913C27ED9478}.Release|Any CPU.ActiveCfg = Release|Any CPU
		{25D89EAE-5A4F-4A60-A339-913C27ED9478}.Release|Any CPU.Build.0 = Release|Any CPU
		{25D89EAE-5A4F-4A60-A339-913C27ED9478}.Release|x64.ActiveCfg = Release|Any CPU
		{25D89EAE-5A4F-4A60-A339-913C27ED9478}.Release|x64.Build.0 = Release|Any CPU
		{25D89EAE-5A4F-4A60-A339-913C27ED9478}.Release|x86.ActiveCfg = Release|Any CPU
		{25D89EAE-5A4F-4A60-A339-913C27ED9478}.Release|x86.Build.0 = Release|Any CPU
		{40225685-5E45-4589-B2EF-6EA16F076690}.Debug|Any CPU.ActiveCfg = Debug|Any CPU
		{40225685-5E45-4589-B2EF-6EA16F076690}.Debug|Any CPU.Build.0 = Debug|Any CPU
		{40225685-5E45-4589-B2EF-6EA16F076690}.Debug|x64.ActiveCfg = Debug|Any CPU
		{40225685-5E45-4589-B2EF-6EA16F076690}.Debug|x64.Build.0 = Debug|Any CPU
		{40225685-5E45-4589-B2EF-6EA16F076690}.Debug|x86.ActiveCfg = Debug|Any CPU
		{40225685-5E45-4589-B2EF-6EA16F076690}.Release|Any CPU.ActiveCfg = Release|Any CPU
		{40225685-5E45-4589-B2EF-6EA16F076690}.Release|Any CPU.Build.0 = Release|Any CPU
		{40225685-5E45-4589-B2EF-6EA16F076690}.Release|x64.ActiveCfg = Release|Any CPU
		{40225685-5E45-4589-B2EF-6EA16F076690}.Release|x64.Build.0 = Release|Any CPU
		{40225685-5E45-4589-B2EF-6EA16F076690}.Release|x86.ActiveCfg = Release|Any CPU
		{40225685-5E45-4589-B2EF-6EA16F076690}.Release|x86.Build.0 = Release|Any CPU
		{067EA315-DA57-400C-A730-267CF5D56D47}.Debug|Any CPU.ActiveCfg = Debug|Any CPU
		{067EA315-DA57-400C-A730-267CF5D56D47}.Debug|Any CPU.Build.0 = Debug|Any CPU
		{067EA315-DA57-400C-A730-267CF5D56D47}.Debug|x64.ActiveCfg = Debug|Any CPU
		{067EA315-DA57-400C-A730-267CF5D56D47}.Debug|x64.Build.0 = Debug|Any CPU
		{067EA315-DA57-400C-A730-267CF5D56D47}.Debug|x86.ActiveCfg = Debug|Any CPU
		{067EA315-DA57-400C-A730-267CF5D56D47}.Release|Any CPU.ActiveCfg = Release|Any CPU
		{067EA315-DA57-400C-A730-267CF5D56D47}.Release|Any CPU.Build.0 = Release|Any CPU
		{067EA315-DA57-400C-A730-267CF5D56D47}.Release|x64.ActiveCfg = Release|Any CPU
		{067EA315-DA57-400C-A730-267CF5D56D47}.Release|x64.Build.0 = Release|Any CPU
		{067EA315-DA57-400C-A730-267CF5D56D47}.Release|x86.ActiveCfg = Release|Any CPU
		{067EA315-DA57-400C-A730-267CF5D56D47}.Release|x86.Build.0 = Release|Any CPU
		{290ADF62-F1BA-4EC6-B967-D49841AA4848}.Debug|Any CPU.ActiveCfg = Debug|Any CPU
		{290ADF62-F1BA-4EC6-B967-D49841AA4848}.Debug|Any CPU.Build.0 = Debug|Any CPU
		{290ADF62-F1BA-4EC6-B967-D49841AA4848}.Debug|x64.ActiveCfg = Debug|Any CPU
		{290ADF62-F1BA-4EC6-B967-D49841AA4848}.Debug|x64.Build.0 = Debug|Any CPU
		{290ADF62-F1BA-4EC6-B967-D49841AA4848}.Debug|x86.ActiveCfg = Debug|Any CPU
		{290ADF62-F1BA-4EC6-B967-D49841AA4848}.Release|Any CPU.ActiveCfg = Release|Any CPU
		{290ADF62-F1BA-4EC6-B967-D49841AA4848}.Release|Any CPU.Build.0 = Release|Any CPU
		{290ADF62-F1BA-4EC6-B967-D49841AA4848}.Release|x64.ActiveCfg = Release|Any CPU
		{290ADF62-F1BA-4EC6-B967-D49841AA4848}.Release|x64.Build.0 = Release|Any CPU
		{290ADF62-F1BA-4EC6-B967-D49841AA4848}.Release|x86.ActiveCfg = Release|Any CPU
		{290ADF62-F1BA-4EC6-B967-D49841AA4848}.Release|x86.Build.0 = Release|Any CPU
		{F55A01B3-9100-4CF1-9F34-5DC93DAF28DD}.Debug|Any CPU.ActiveCfg = Debug|Any CPU
		{F55A01B3-9100-4CF1-9F34-5DC93DAF28DD}.Debug|Any CPU.Build.0 = Debug|Any CPU
		{F55A01B3-9100-4CF1-9F34-5DC93DAF28DD}.Debug|x64.ActiveCfg = Debug|Any CPU
		{F55A01B3-9100-4CF1-9F34-5DC93DAF28DD}.Debug|x64.Build.0 = Debug|Any CPU
		{F55A01B3-9100-4CF1-9F34-5DC93DAF28DD}.Debug|x86.ActiveCfg = Debug|Any CPU
		{F55A01B3-9100-4CF1-9F34-5DC93DAF28DD}.Release|Any CPU.ActiveCfg = Release|Any CPU
		{F55A01B3-9100-4CF1-9F34-5DC93DAF28DD}.Release|Any CPU.Build.0 = Release|Any CPU
		{F55A01B3-9100-4CF1-9F34-5DC93DAF28DD}.Release|x64.ActiveCfg = Release|Any CPU
		{F55A01B3-9100-4CF1-9F34-5DC93DAF28DD}.Release|x64.Build.0 = Release|Any CPU
		{F55A01B3-9100-4CF1-9F34-5DC93DAF28DD}.Release|x86.ActiveCfg = Release|Any CPU
		{F55A01B3-9100-4CF1-9F34-5DC93DAF28DD}.Release|x86.Build.0 = Release|Any CPU
		{E1DBA40E-C71D-40F6-B872-2BD5D4836409}.Debug|Any CPU.ActiveCfg = Debug|Win32
		{E1DBA40E-C71D-40F6-B872-2BD5D4836409}.Debug|x64.ActiveCfg = Debug|x64
		{E1DBA40E-C71D-40F6-B872-2BD5D4836409}.Debug|x64.Build.0 = Debug|x64
		{E1DBA40E-C71D-40F6-B872-2BD5D4836409}.Debug|x86.ActiveCfg = Debug|Win32
		{E1DBA40E-C71D-40F6-B872-2BD5D4836409}.Release|Any CPU.ActiveCfg = Release|Win32
		{E1DBA40E-C71D-40F6-B872-2BD5D4836409}.Release|x64.ActiveCfg = Release|x64
		{E1DBA40E-C71D-40F6-B872-2BD5D4836409}.Release|x64.Build.0 = Release|x64
		{E1DBA40E-C71D-40F6-B872-2BD5D4836409}.Release|x86.ActiveCfg = Release|Win32
		{E1DBA40E-C71D-40F6-B872-2BD5D4836409}.Release|x86.Build.0 = Release|Win32
		{6FF5C1FF-6774-4CF9-9599-925B6C988CC8}.Debug|Any CPU.ActiveCfg = Debug|Any CPU
		{6FF5C1FF-6774-4CF9-9599-925B6C988CC8}.Debug|Any CPU.Build.0 = Debug|Any CPU
		{6FF5C1FF-6774-4CF9-9599-925B6C988CC8}.Debug|x64.ActiveCfg = Debug|Any CPU
		{6FF5C1FF-6774-4CF9-9599-925B6C988CC8}.Debug|x64.Build.0 = Debug|Any CPU
		{6FF5C1FF-6774-4CF9-9599-925B6C988CC8}.Debug|x86.ActiveCfg = Debug|Any CPU
		{6FF5C1FF-6774-4CF9-9599-925B6C988CC8}.Debug|x86.Build.0 = Debug|Any CPU
		{6FF5C1FF-6774-4CF9-9599-925B6C988CC8}.Release|Any CPU.ActiveCfg = Release|Any CPU
		{6FF5C1FF-6774-4CF9-9599-925B6C988CC8}.Release|Any CPU.Build.0 = Release|Any CPU
		{6FF5C1FF-6774-4CF9-9599-925B6C988CC8}.Release|x64.ActiveCfg = Release|Any CPU
		{6FF5C1FF-6774-4CF9-9599-925B6C988CC8}.Release|x64.Build.0 = Release|Any CPU
		{6FF5C1FF-6774-4CF9-9599-925B6C988CC8}.Release|x86.ActiveCfg = Release|Any CPU
		{6FF5C1FF-6774-4CF9-9599-925B6C988CC8}.Release|x86.Build.0 = Release|Any CPU
		{B78945F6-1B52-4C8A-B96C-F6229F01D241}.Debug|Any CPU.ActiveCfg = Debug|Any CPU
		{B78945F6-1B52-4C8A-B96C-F6229F01D241}.Debug|Any CPU.Build.0 = Debug|Any CPU
		{B78945F6-1B52-4C8A-B96C-F6229F01D241}.Debug|x64.ActiveCfg = Debug|Any CPU
		{B78945F6-1B52-4C8A-B96C-F6229F01D241}.Debug|x64.Build.0 = Debug|Any CPU
		{B78945F6-1B52-4C8A-B96C-F6229F01D241}.Debug|x86.ActiveCfg = Debug|Any CPU
		{B78945F6-1B52-4C8A-B96C-F6229F01D241}.Debug|x86.Build.0 = Debug|Any CPU
		{B78945F6-1B52-4C8A-B96C-F6229F01D241}.Release|Any CPU.ActiveCfg = Release|Any CPU
		{B78945F6-1B52-4C8A-B96C-F6229F01D241}.Release|Any CPU.Build.0 = Release|Any CPU
		{B78945F6-1B52-4C8A-B96C-F6229F01D241}.Release|x64.ActiveCfg = Release|Any CPU
		{B78945F6-1B52-4C8A-B96C-F6229F01D241}.Release|x64.Build.0 = Release|Any CPU
		{B78945F6-1B52-4C8A-B96C-F6229F01D241}.Release|x86.ActiveCfg = Release|Any CPU
		{B78945F6-1B52-4C8A-B96C-F6229F01D241}.Release|x86.Build.0 = Release|Any CPU
	EndGlobalSection
	GlobalSection(SolutionProperties) = preSolution
		HideSolutionNode = FALSE
	EndGlobalSection
	GlobalSection(NestedProjects) = preSolution
		{3D8706D6-764E-4BB8-BDD8-410C9159F4CF} = {C40FA70C-CB59-4990-9AE6-652BAE768B51}
		{E1DBA40E-C71D-40F6-B872-2BD5D4836409} = {CB33E25D-8276-45D2-B91D-DDD65D1D16EC}
		{6FF5C1FF-6774-4CF9-9599-925B6C988CC8} = {CB33E25D-8276-45D2-B91D-DDD65D1D16EC}
	EndGlobalSection
	GlobalSection(ExtensibilityGlobals) = postSolution
		SolutionGuid = {A8B1BC07-95E5-4075-94E7-834B3C2AACBA}
	EndGlobalSection
EndGlobal
