
Microsoft Visual Studio Solution File, Format Version 12.00
# Visual Studio 2013
VisualStudioVersion = 12.0.30501.0
MinimumVisualStudioVersion = 10.0.40219.1
Project("{2150E333-8FDC-42A3-9474-1A3956D46DE8}") = "_root", "_root", "{B3B9B9D3-D524-4684-8A68-6C2A02BEB1F5}"
	ProjectSection(SolutionItems) = preProject
		..\..\.gitattributes = ..\..\.gitattributes
		..\..\.gitignore = ..\..\.gitignore
		..\..\README.md = ..\..\README.md
	EndProjectSection
EndProject
Project("{FAE04EC0-301F-11D3-BF4B-00C04F79EFBC}") = "OneWindows", "OneWindows\OneWindows.csproj", "{A94C0C63-F827-4F11-965F-B1E2713210DC}"
EndProject
Project("{FAE04EC0-301F-11D3-BF4B-00C04F79EFBC}") = "GameOn", "GameOn\GameOn.csproj", "{3DC9E5D0-9460-4985-91D5-EF6C7BAF3D63}"
EndProject
Global
	GlobalSection(SolutionConfigurationPlatforms) = preSolution
		Debug|Any CPU = Debug|Any CPU
		Release|Any CPU = Release|Any CPU
	EndGlobalSection
	GlobalSection(ProjectConfigurationPlatforms) = postSolution
		{A94C0C63-F827-4F11-965F-B1E2713210DC}.Debug|Any CPU.ActiveCfg = Debug|Any CPU
		{A94C0C63-F827-4F11-965F-B1E2713210DC}.Debug|Any CPU.Build.0 = Debug|Any CPU
		{A94C0C63-F827-4F11-965F-B1E2713210DC}.Release|Any CPU.ActiveCfg = Release|Any CPU
		{A94C0C63-F827-4F11-965F-B1E2713210DC}.Release|Any CPU.Build.0 = Release|Any CPU
		{3DC9E5D0-9460-4985-91D5-EF6C7BAF3D63}.Debug|Any CPU.ActiveCfg = Debug|Any CPU
		{3DC9E5D0-9460-4985-91D5-EF6C7BAF3D63}.Debug|Any CPU.Build.0 = Debug|Any CPU
		{3DC9E5D0-9460-4985-91D5-EF6C7BAF3D63}.Release|Any CPU.ActiveCfg = Release|Any CPU
		{3DC9E5D0-9460-4985-91D5-EF6C7BAF3D63}.Release|Any CPU.Build.0 = Release|Any CPU
	EndGlobalSection
	GlobalSection(SolutionProperties) = preSolution
		HideSolutionNode = FALSE
	EndGlobalSection
EndGlobal
